
Microsoft Visual Studio Solution File, Format Version 12.00
# Visual Studio Version 17
VisualStudioVersion = 17.3.32901.215
MinimumVisualStudioVersion = 10.0.40219.1
Project("{FAE04EC0-301F-11D3-BF4B-00C04F79EFBC}") = "ApiDatatableExample", "ApiDatatableExample\ApiDatatableExample.csproj", "{19C05E0F-BD43-4E93-9F32-078E91CB55C0}"
EndProject
Project("{2150E333-8FDC-42A3-9474-1A3956D46DE8}") = "Domain", "Domain", "{11E386C1-C3F2-47F5-BFF4-3ECC0668457D}"
EndProject
Project("{FAE04EC0-301F-11D3-BF4B-00C04F79EFBC}") = "DbLayer", "DbLayer\DbLayer.csproj", "{336C6D2D-4BE2-4FD1-8255-53A4C703DB75}"
EndProject
Global
	GlobalSection(SolutionConfigurationPlatforms) = preSolution
		Debug|Any CPU = Debug|Any CPU
		Release|Any CPU = Release|Any CPU
	EndGlobalSection
	GlobalSection(ProjectConfigurationPlatforms) = postSolution
		{19C05E0F-BD43-4E93-9F32-078E91CB55C0}.Debug|Any CPU.ActiveCfg = Debug|Any CPU
		{19C05E0F-BD43-4E93-9F32-078E91CB55C0}.Debug|Any CPU.Build.0 = Debug|Any CPU
		{19C05E0F-BD43-4E93-9F32-078E91CB55C0}.Release|Any CPU.ActiveCfg = Release|Any CPU
		{19C05E0F-BD43-4E93-9F32-078E91CB55C0}.Release|Any CPU.Build.0 = Release|Any CPU
		{336C6D2D-4BE2-4FD1-8255-53A4C703DB75}.Debug|Any CPU.ActiveCfg = Debug|Any CPU
		{336C6D2D-4BE2-4FD1-8255-53A4C703DB75}.Debug|Any CPU.Build.0 = Debug|Any CPU
		{336C6D2D-4BE2-4FD1-8255-53A4C703DB75}.Release|Any CPU.ActiveCfg = Release|Any CPU
		{336C6D2D-4BE2-4FD1-8255-53A4C703DB75}.Release|Any CPU.Build.0 = Release|Any CPU
	EndGlobalSection
	GlobalSection(SolutionProperties) = preSolution
		HideSolutionNode = FALSE
	EndGlobalSection
	GlobalSection(NestedProjects) = preSolution
		{336C6D2D-4BE2-4FD1-8255-53A4C703DB75} = {11E386C1-C3F2-47F5-BFF4-3ECC0668457D}
	EndGlobalSection
	GlobalSection(ExtensibilityGlobals) = postSolution
		SolutionGuid = {A399BE51-ADC4-4077-80CE-D2D8B1C526A9}
	EndGlobalSection
EndGlobal
